
Microsoft Visual Studio Solution File, Format Version 12.00
# Visual Studio Version 17
VisualStudioVersion = 17.6.33815.320
MinimumVisualStudioVersion = 10.0.40219.1
Project("{FAE04EC0-301F-11D3-BF4B-00C04F79EFBC}") = "WpfApp_Crud_SQL", "WpfApp_Crud_SQL\WpfApp_Crud_SQL.csproj", "{58AAC1E9-606D-41EA-8B91-EFF324B51E33}"
EndProject
Global
	GlobalSection(SolutionConfigurationPlatforms) = preSolution
		Debug|Any CPU = Debug|Any CPU
		Release|Any CPU = Release|Any CPU
	EndGlobalSection
	GlobalSection(ProjectConfigurationPlatforms) = postSolution
		{58AAC1E9-606D-41EA-8B91-EFF324B51E33}.Debug|Any CPU.ActiveCfg = Debug|Any CPU
		{58AAC1E9-606D-41EA-8B91-EFF324B51E33}.Debug|Any CPU.Build.0 = Debug|Any CPU
		{58AAC1E9-606D-41EA-8B91-EFF324B51E33}.Release|Any CPU.ActiveCfg = Release|Any CPU
		{58AAC1E9-606D-41EA-8B91-EFF324B51E33}.Release|Any CPU.Build.0 = Release|Any CPU
	EndGlobalSection
	GlobalSection(SolutionProperties) = preSolution
		HideSolutionNode = FALSE
	EndGlobalSection
	GlobalSection(ExtensibilityGlobals) = postSolution
		SolutionGuid = {A4B1926E-0EF1-4D51-BD98-1DFDEC11439F}
	EndGlobalSection
EndGlobal
